// !$*UTF8*$!
{
	archiveVersion = 1;
	classes = {
	};
	objectVersion = 56;
	objects = {

/* Begin PBXBuildFile section */
		4E5674D22B3259F700CE7BF3 /* MetaDataDto.swift in Sources */ = {isa = PBXBuildFile; fileRef = 4E5674D12B3259F700CE7BF3 /* MetaDataDto.swift */; };
		4E5674D72B325CA700CE7BF3 /* MangaList.swift in Sources */ = {isa = PBXBuildFile; fileRef = 4E5674D62B325CA700CE7BF3 /* MangaList.swift */; };
		4E5674DA2B32635500CE7BF3 /* URL.swift in Sources */ = {isa = PBXBuildFile; fileRef = 4E5674D92B32635500CE7BF3 /* URL.swift */; };
		4E5674DC2B32649300CE7BF3 /* URLRequest.swift in Sources */ = {isa = PBXBuildFile; fileRef = 4E5674DB2B32649300CE7BF3 /* URLRequest.swift */; };
		4E5674DE2B3264B200CE7BF3 /* NetworkError.swift in Sources */ = {isa = PBXBuildFile; fileRef = 4E5674DD2B3264B200CE7BF3 /* NetworkError.swift */; };
		4E5674E02B3264C400CE7BF3 /* URLSession.swift in Sources */ = {isa = PBXBuildFile; fileRef = 4E5674DF2B3264C400CE7BF3 /* URLSession.swift */; };
		4E5674E22B3264F500CE7BF3 /* Network.swift in Sources */ = {isa = PBXBuildFile; fileRef = 4E5674E12B3264F500CE7BF3 /* Network.swift */; };
		4E5674E42B326B8900CE7BF3 /* MangaListVM.swift in Sources */ = {isa = PBXBuildFile; fileRef = 4E5674E32B326B8900CE7BF3 /* MangaListVM.swift */; };
		4E5674EB2B33A89D00CE7BF3 /* MangasLogic.swift in Sources */ = {isa = PBXBuildFile; fileRef = 4E5674EA2B33A89D00CE7BF3 /* MangasLogic.swift */; };
		4E5674EF2B33AD1B00CE7BF3 /* DataTest.swift in Sources */ = {isa = PBXBuildFile; fileRef = 4E5674EE2B33AD1A00CE7BF3 /* DataTest.swift */; };
		4E5674F12B33B3AF00CE7BF3 /* listMangas.json in Resources */ = {isa = PBXBuildFile; fileRef = 4E5674F02B33B3AF00CE7BF3 /* listMangas.json */; };
		4E5674F32B3495CA00CE7BF3 /* User.swift in Sources */ = {isa = PBXBuildFile; fileRef = 4E5674F22B3495CA00CE7BF3 /* User.swift */; };
		4E5674F52B34A0B700CE7BF3 /* UserError.swift in Sources */ = {isa = PBXBuildFile; fileRef = 4E5674F42B34A0B700CE7BF3 /* UserError.swift */; };
		4E5674F72B34A69600CE7BF3 /* AccountVM.swift in Sources */ = {isa = PBXBuildFile; fileRef = 4E5674F62B34A69600CE7BF3 /* AccountVM.swift */; };
		4E5674FA2B34AB9A00CE7BF3 /* CreateUser.swift in Sources */ = {isa = PBXBuildFile; fileRef = 4E5674F92B34AB9A00CE7BF3 /* CreateUser.swift */; };
		4E5674FE2B34B38300CE7BF3 /* AccountView.swift in Sources */ = {isa = PBXBuildFile; fileRef = 4E5674FD2B34B38300CE7BF3 /* AccountView.swift */; };
		4E5675012B34B52F00CE7BF3 /* CreateUserView.swift in Sources */ = {isa = PBXBuildFile; fileRef = 4E5675002B34B52F00CE7BF3 /* CreateUserView.swift */; };
		4E5675042B3B391100CE7BF3 /* MangaTextField.swift in Sources */ = {isa = PBXBuildFile; fileRef = 4E5675032B3B391100CE7BF3 /* MangaTextField.swift */; };
		4E5675082B3B395E00CE7BF3 /* DataValidators.swift in Sources */ = {isa = PBXBuildFile; fileRef = 4E5675072B3B395E00CE7BF3 /* DataValidators.swift */; };
		4E56750C2B3B439200CE7BF3 /* LoginView.swift in Sources */ = {isa = PBXBuildFile; fileRef = 4E56750B2B3B439200CE7BF3 /* LoginView.swift */; };
		4E5675102B3C8A6400CE7BF3 /* UserMangaCollectionRequest.swift in Sources */ = {isa = PBXBuildFile; fileRef = 4E56750F2B3C8A6400CE7BF3 /* UserMangaCollectionRequest.swift */; };
		4E5675132B3C962900CE7BF3 /* MangaDetailView.swift in Sources */ = {isa = PBXBuildFile; fileRef = 4E5675122B3C962900CE7BF3 /* MangaDetailView.swift */; };
		4E5675152B3C9AB300CE7BF3 /* PreviewData.swift in Sources */ = {isa = PBXBuildFile; fileRef = 4E5675142B3C9AB300CE7BF3 /* PreviewData.swift */; };
		4E5675172B3C9FBF00CE7BF3 /* MangaDetailVM.swift in Sources */ = {isa = PBXBuildFile; fileRef = 4E5675162B3C9FBF00CE7BF3 /* MangaDetailVM.swift */; };
		4E6C2D322B3CDF6900987086 /* Profile.swift in Sources */ = {isa = PBXBuildFile; fileRef = 4E6C2D312B3CDF6900987086 /* Profile.swift */; };
		4E75C5E52B3247D2001CACF4 /* MyMangaAppApp.swift in Sources */ = {isa = PBXBuildFile; fileRef = 4E75C5E42B3247D2001CACF4 /* MyMangaAppApp.swift */; };
		4E75C5E72B3247D2001CACF4 /* MangaListMainView.swift in Sources */ = {isa = PBXBuildFile; fileRef = 4E75C5E62B3247D2001CACF4 /* MangaListMainView.swift */; };
		4E75C5E92B3247D3001CACF4 /* Assets.xcassets in Resources */ = {isa = PBXBuildFile; fileRef = 4E75C5E82B3247D3001CACF4 /* Assets.xcassets */; };
		4E75C5ED2B3247D3001CACF4 /* Preview Assets.xcassets in Resources */ = {isa = PBXBuildFile; fileRef = 4E75C5EC2B3247D3001CACF4 /* Preview Assets.xcassets */; };
		4E75C5F72B3247D3001CACF4 /* MyMangaAppTests.swift in Sources */ = {isa = PBXBuildFile; fileRef = 4E75C5F62B3247D3001CACF4 /* MyMangaAppTests.swift */; };
		4E75C6012B3247D3001CACF4 /* MyMangaAppUITests.swift in Sources */ = {isa = PBXBuildFile; fileRef = 4E75C6002B3247D3001CACF4 /* MyMangaAppUITests.swift */; };
		4E75C6032B3247D3001CACF4 /* MyMangaAppUITestsLaunchTests.swift in Sources */ = {isa = PBXBuildFile; fileRef = 4E75C6022B3247D3001CACF4 /* MyMangaAppUITestsLaunchTests.swift */; };
		4E75C6142B324C16001CACF4 /* MangaListDto.swift in Sources */ = {isa = PBXBuildFile; fileRef = 4E75C6132B324C16001CACF4 /* MangaListDto.swift */; };
		4E83D8BD2B3F65E9004D7CEB /* UserCollectionListDto.swift in Sources */ = {isa = PBXBuildFile; fileRef = 4E83D8BC2B3F65E9004D7CEB /* UserCollectionListDto.swift */; };
		4E83D8C02B3F6A6B004D7CEB /* UserCollectionView.swift in Sources */ = {isa = PBXBuildFile; fileRef = 4E83D8BF2B3F6A6B004D7CEB /* UserCollectionView.swift */; };
		4E83D8C22B3F6B1C004D7CEB /* UserMangaCollectionVM.swift in Sources */ = {isa = PBXBuildFile; fileRef = 4E83D8C12B3F6B1C004D7CEB /* UserMangaCollectionVM.swift */; };
		4E83D8C42B3F6C17004D7CEB /* userCollectionTest.json in Resources */ = {isa = PBXBuildFile; fileRef = 4E83D8C32B3F6C17004D7CEB /* userCollectionTest.json */; };
		4ED6ED182B3CEAB0009E67EF /* MangaMainView.swift in Sources */ = {isa = PBXBuildFile; fileRef = 4ED6ED172B3CEAB0009E67EF /* MangaMainView.swift */; };
/* End PBXBuildFile section */

/* Begin PBXContainerItemProxy section */
		4E75C5F32B3247D3001CACF4 /* PBXContainerItemProxy */ = {
			isa = PBXContainerItemProxy;
			containerPortal = 4E75C5D92B3247D2001CACF4 /* Project object */;
			proxyType = 1;
			remoteGlobalIDString = 4E75C5E02B3247D2001CACF4;
			remoteInfo = MyMangaApp;
		};
		4E75C5FD2B3247D3001CACF4 /* PBXContainerItemProxy */ = {
			isa = PBXContainerItemProxy;
			containerPortal = 4E75C5D92B3247D2001CACF4 /* Project object */;
			proxyType = 1;
			remoteGlobalIDString = 4E75C5E02B3247D2001CACF4;
			remoteInfo = MyMangaApp;
		};
/* End PBXContainerItemProxy section */

/* Begin PBXFileReference section */
		4E5674D12B3259F700CE7BF3 /* MetaDataDto.swift */ = {isa = PBXFileReference; lastKnownFileType = sourcecode.swift; path = MetaDataDto.swift; sourceTree = "<group>"; };
		4E5674D62B325CA700CE7BF3 /* MangaList.swift */ = {isa = PBXFileReference; lastKnownFileType = sourcecode.swift; path = MangaList.swift; sourceTree = "<group>"; };
		4E5674D92B32635500CE7BF3 /* URL.swift */ = {isa = PBXFileReference; lastKnownFileType = sourcecode.swift; path = URL.swift; sourceTree = "<group>"; };
		4E5674DB2B32649300CE7BF3 /* URLRequest.swift */ = {isa = PBXFileReference; lastKnownFileType = sourcecode.swift; path = URLRequest.swift; sourceTree = "<group>"; };
		4E5674DD2B3264B200CE7BF3 /* NetworkError.swift */ = {isa = PBXFileReference; lastKnownFileType = sourcecode.swift; path = NetworkError.swift; sourceTree = "<group>"; };
		4E5674DF2B3264C400CE7BF3 /* URLSession.swift */ = {isa = PBXFileReference; lastKnownFileType = sourcecode.swift; path = URLSession.swift; sourceTree = "<group>"; };
		4E5674E12B3264F500CE7BF3 /* Network.swift */ = {isa = PBXFileReference; lastKnownFileType = sourcecode.swift; path = Network.swift; sourceTree = "<group>"; };
		4E5674E32B326B8900CE7BF3 /* MangaListVM.swift */ = {isa = PBXFileReference; lastKnownFileType = sourcecode.swift; path = MangaListVM.swift; sourceTree = "<group>"; };
		4E5674EA2B33A89D00CE7BF3 /* MangasLogic.swift */ = {isa = PBXFileReference; fileEncoding = 4; lastKnownFileType = sourcecode.swift; path = MangasLogic.swift; sourceTree = "<group>"; };
		4E5674EE2B33AD1A00CE7BF3 /* DataTest.swift */ = {isa = PBXFileReference; lastKnownFileType = sourcecode.swift; path = DataTest.swift; sourceTree = "<group>"; };
		4E5674F02B33B3AF00CE7BF3 /* listMangas.json */ = {isa = PBXFileReference; fileEncoding = 4; lastKnownFileType = text.json; path = listMangas.json; sourceTree = "<group>"; };
		4E5674F22B3495CA00CE7BF3 /* User.swift */ = {isa = PBXFileReference; lastKnownFileType = sourcecode.swift; path = User.swift; sourceTree = "<group>"; };
		4E5674F42B34A0B700CE7BF3 /* UserError.swift */ = {isa = PBXFileReference; lastKnownFileType = sourcecode.swift; path = UserError.swift; sourceTree = "<group>"; };
		4E5674F62B34A69600CE7BF3 /* AccountVM.swift */ = {isa = PBXFileReference; lastKnownFileType = sourcecode.swift; path = AccountVM.swift; sourceTree = "<group>"; };
		4E5674F92B34AB9A00CE7BF3 /* CreateUser.swift */ = {isa = PBXFileReference; lastKnownFileType = sourcecode.swift; path = CreateUser.swift; sourceTree = "<group>"; };
		4E5674FD2B34B38300CE7BF3 /* AccountView.swift */ = {isa = PBXFileReference; lastKnownFileType = sourcecode.swift; path = AccountView.swift; sourceTree = "<group>"; };
		4E5675002B34B52F00CE7BF3 /* CreateUserView.swift */ = {isa = PBXFileReference; lastKnownFileType = sourcecode.swift; path = CreateUserView.swift; sourceTree = "<group>"; };
		4E5675032B3B391100CE7BF3 /* MangaTextField.swift */ = {isa = PBXFileReference; lastKnownFileType = sourcecode.swift; path = MangaTextField.swift; sourceTree = "<group>"; };
		4E5675072B3B395E00CE7BF3 /* DataValidators.swift */ = {isa = PBXFileReference; lastKnownFileType = sourcecode.swift; path = DataValidators.swift; sourceTree = "<group>"; };
		4E56750B2B3B439200CE7BF3 /* LoginView.swift */ = {isa = PBXFileReference; lastKnownFileType = sourcecode.swift; path = LoginView.swift; sourceTree = "<group>"; };
		4E56750F2B3C8A6400CE7BF3 /* UserMangaCollectionRequest.swift */ = {isa = PBXFileReference; lastKnownFileType = sourcecode.swift; path = UserMangaCollectionRequest.swift; sourceTree = "<group>"; };
		4E5675122B3C962900CE7BF3 /* MangaDetailView.swift */ = {isa = PBXFileReference; lastKnownFileType = sourcecode.swift; path = MangaDetailView.swift; sourceTree = "<group>"; };
		4E5675142B3C9AB300CE7BF3 /* PreviewData.swift */ = {isa = PBXFileReference; lastKnownFileType = sourcecode.swift; path = PreviewData.swift; sourceTree = "<group>"; };
		4E5675162B3C9FBF00CE7BF3 /* MangaDetailVM.swift */ = {isa = PBXFileReference; lastKnownFileType = sourcecode.swift; path = MangaDetailVM.swift; sourceTree = "<group>"; };
		4E6C2D312B3CDF6900987086 /* Profile.swift */ = {isa = PBXFileReference; lastKnownFileType = sourcecode.swift; path = Profile.swift; sourceTree = "<group>"; };
		4E75C5E12B3247D2001CACF4 /* MyMangaApp.app */ = {isa = PBXFileReference; explicitFileType = wrapper.application; includeInIndex = 0; path = MyMangaApp.app; sourceTree = BUILT_PRODUCTS_DIR; };
		4E75C5E42B3247D2001CACF4 /* MyMangaAppApp.swift */ = {isa = PBXFileReference; lastKnownFileType = sourcecode.swift; path = MyMangaAppApp.swift; sourceTree = "<group>"; };
		4E75C5E62B3247D2001CACF4 /* MangaListMainView.swift */ = {isa = PBXFileReference; lastKnownFileType = sourcecode.swift; path = MangaListMainView.swift; sourceTree = "<group>"; };
		4E75C5E82B3247D3001CACF4 /* Assets.xcassets */ = {isa = PBXFileReference; lastKnownFileType = folder.assetcatalog; path = Assets.xcassets; sourceTree = "<group>"; };
		4E75C5EA2B3247D3001CACF4 /* MyMangaApp.entitlements */ = {isa = PBXFileReference; lastKnownFileType = text.plist.entitlements; path = MyMangaApp.entitlements; sourceTree = "<group>"; };
		4E75C5EC2B3247D3001CACF4 /* Preview Assets.xcassets */ = {isa = PBXFileReference; lastKnownFileType = folder.assetcatalog; path = "Preview Assets.xcassets"; sourceTree = "<group>"; };
		4E75C5F22B3247D3001CACF4 /* MyMangaAppTests.xctest */ = {isa = PBXFileReference; explicitFileType = wrapper.cfbundle; includeInIndex = 0; path = MyMangaAppTests.xctest; sourceTree = BUILT_PRODUCTS_DIR; };
		4E75C5F62B3247D3001CACF4 /* MyMangaAppTests.swift */ = {isa = PBXFileReference; lastKnownFileType = sourcecode.swift; path = MyMangaAppTests.swift; sourceTree = "<group>"; };
		4E75C5FC2B3247D3001CACF4 /* MyMangaAppUITests.xctest */ = {isa = PBXFileReference; explicitFileType = wrapper.cfbundle; includeInIndex = 0; path = MyMangaAppUITests.xctest; sourceTree = BUILT_PRODUCTS_DIR; };
		4E75C6002B3247D3001CACF4 /* MyMangaAppUITests.swift */ = {isa = PBXFileReference; lastKnownFileType = sourcecode.swift; path = MyMangaAppUITests.swift; sourceTree = "<group>"; };
		4E75C6022B3247D3001CACF4 /* MyMangaAppUITestsLaunchTests.swift */ = {isa = PBXFileReference; lastKnownFileType = sourcecode.swift; path = MyMangaAppUITestsLaunchTests.swift; sourceTree = "<group>"; };
		4E75C6132B324C16001CACF4 /* MangaListDto.swift */ = {isa = PBXFileReference; lastKnownFileType = sourcecode.swift; path = MangaListDto.swift; sourceTree = "<group>"; };
		4E83D8BC2B3F65E9004D7CEB /* UserCollectionListDto.swift */ = {isa = PBXFileReference; lastKnownFileType = sourcecode.swift; path = UserCollectionListDto.swift; sourceTree = "<group>"; };
		4E83D8BF2B3F6A6B004D7CEB /* UserCollectionView.swift */ = {isa = PBXFileReference; lastKnownFileType = sourcecode.swift; path = UserCollectionView.swift; sourceTree = "<group>"; };
		4E83D8C12B3F6B1C004D7CEB /* UserMangaCollectionVM.swift */ = {isa = PBXFileReference; lastKnownFileType = sourcecode.swift; path = UserMangaCollectionVM.swift; sourceTree = "<group>"; };
		4E83D8C32B3F6C17004D7CEB /* userCollectionTest.json */ = {isa = PBXFileReference; fileEncoding = 4; lastKnownFileType = text.json; path = userCollectionTest.json; sourceTree = "<group>"; };
		4ED6ED172B3CEAB0009E67EF /* MangaMainView.swift */ = {isa = PBXFileReference; lastKnownFileType = sourcecode.swift; path = MangaMainView.swift; sourceTree = "<group>"; };
/* End PBXFileReference section */

/* Begin PBXFrameworksBuildPhase section */
		4E75C5DE2B3247D2001CACF4 /* Frameworks */ = {
			isa = PBXFrameworksBuildPhase;
			buildActionMask = 2147483647;
			files = (
			);
			runOnlyForDeploymentPostprocessing = 0;
		};
		4E75C5EF2B3247D3001CACF4 /* Frameworks */ = {
			isa = PBXFrameworksBuildPhase;
			buildActionMask = 2147483647;
			files = (
			);
			runOnlyForDeploymentPostprocessing = 0;
		};
		4E75C5F92B3247D3001CACF4 /* Frameworks */ = {
			isa = PBXFrameworksBuildPhase;
			buildActionMask = 2147483647;
			files = (
			);
			runOnlyForDeploymentPostprocessing = 0;
		};
/* End PBXFrameworksBuildPhase section */

/* Begin PBXGroup section */
		4E5674D32B325C1000CE7BF3 /* Dto */ = {
			isa = PBXGroup;
			children = (
				4E75C6132B324C16001CACF4 /* MangaListDto.swift */,
				4E5674D12B3259F700CE7BF3 /* MetaDataDto.swift */,
				4E83D8BC2B3F65E9004D7CEB /* UserCollectionListDto.swift */,
			);
			path = Dto;
			sourceTree = "<group>";
		};
		4E5674D42B325C1300CE7BF3 /* Presentation */ = {
			isa = PBXGroup;
			children = (
				4E5674D62B325CA700CE7BF3 /* MangaList.swift */,
				4E6C2D312B3CDF6900987086 /* Profile.swift */,
			);
			path = Presentation;
			sourceTree = "<group>";
		};
		4E5674D82B3262BE00CE7BF3 /* Interface */ = {
			isa = PBXGroup;
			children = (
				4E5674D92B32635500CE7BF3 /* URL.swift */,
				4E5674DB2B32649300CE7BF3 /* URLRequest.swift */,
				4E5674DD2B3264B200CE7BF3 /* NetworkError.swift */,
				4E5674DF2B3264C400CE7BF3 /* URLSession.swift */,
			);
			path = Interface;
			sourceTree = "<group>";
		};
		4E5674E52B339CD900CE7BF3 /* ModelLogic */ = {
			isa = PBXGroup;
			children = (
				4E5674EA2B33A89D00CE7BF3 /* MangasLogic.swift */,
			);
			path = ModelLogic;
			sourceTree = "<group>";
		};
		4E5674F82B34AB7B00CE7BF3 /* Request */ = {
			isa = PBXGroup;
			children = (
				4E5674F92B34AB9A00CE7BF3 /* CreateUser.swift */,
				4E56750F2B3C8A6400CE7BF3 /* UserMangaCollectionRequest.swift */,
			);
			path = Request;
			sourceTree = "<group>";
		};
		4E5674FF2B34B52500CE7BF3 /* User */ = {
			isa = PBXGroup;
			children = (
				4E5674FD2B34B38300CE7BF3 /* AccountView.swift */,
				4E5675002B34B52F00CE7BF3 /* CreateUserView.swift */,
				4E56750B2B3B439200CE7BF3 /* LoginView.swift */,
			);
			path = User;
			sourceTree = "<group>";
		};
		4E5675022B3B390000CE7BF3 /* Custom */ = {
			isa = PBXGroup;
			children = (
				4E5675032B3B391100CE7BF3 /* MangaTextField.swift */,
			);
			path = Custom;
			sourceTree = "<group>";
		};
		4E5675052B3B394B00CE7BF3 /* Utils */ = {
			isa = PBXGroup;
			children = (
				4E5675072B3B395E00CE7BF3 /* DataValidators.swift */,
			);
			path = Utils;
			sourceTree = "<group>";
		};
		4E5675112B3C95D000CE7BF3 /* Manga */ = {
			isa = PBXGroup;
			children = (
				4E75C5E62B3247D2001CACF4 /* MangaListMainView.swift */,
				4E5675122B3C962900CE7BF3 /* MangaDetailView.swift */,
			);
			path = Manga;
			sourceTree = "<group>";
		};
		4E75C5D82B3247D2001CACF4 = {
			isa = PBXGroup;
			children = (
				4E75C5E32B3247D2001CACF4 /* MyMangaApp */,
				4E75C5F52B3247D3001CACF4 /* MyMangaAppTests */,
				4E75C5FF2B3247D3001CACF4 /* MyMangaAppUITests */,
				4E75C5E22B3247D2001CACF4 /* Products */,
			);
			sourceTree = "<group>";
		};
		4E75C5E22B3247D2001CACF4 /* Products */ = {
			isa = PBXGroup;
			children = (
				4E75C5E12B3247D2001CACF4 /* MyMangaApp.app */,
				4E75C5F22B3247D3001CACF4 /* MyMangaAppTests.xctest */,
				4E75C5FC2B3247D3001CACF4 /* MyMangaAppUITests.xctest */,
			);
			name = Products;
			sourceTree = "<group>";
		};
		4E75C5E32B3247D2001CACF4 /* MyMangaApp */ = {
			isa = PBXGroup;
			children = (
				4E5675052B3B394B00CE7BF3 /* Utils */,
				4E5674E52B339CD900CE7BF3 /* ModelLogic */,
				4E5674D82B3262BE00CE7BF3 /* Interface */,
				4E75C6122B324B20001CACF4 /* Model */,
				4E75C6112B324B16001CACF4 /* Interactor */,
				4E75C6102B324AF4001CACF4 /* ViewModel */,
				4E75C60F2B324AD8001CACF4 /* View */,
				4E75C5E82B3247D3001CACF4 /* Assets.xcassets */,
				4E75C5EA2B3247D3001CACF4 /* MyMangaApp.entitlements */,
				4E75C5EB2B3247D3001CACF4 /* Preview Content */,
			);
			path = MyMangaApp;
			sourceTree = "<group>";
		};
		4E75C5EB2B3247D3001CACF4 /* Preview Content */ = {
			isa = PBXGroup;
			children = (
				4E83D8C32B3F6C17004D7CEB /* userCollectionTest.json */,
				4E5674F02B33B3AF00CE7BF3 /* listMangas.json */,
				4E75C5EC2B3247D3001CACF4 /* Preview Assets.xcassets */,
				4E5674EE2B33AD1A00CE7BF3 /* DataTest.swift */,
				4E5675142B3C9AB300CE7BF3 /* PreviewData.swift */,
			);
			path = "Preview Content";
			sourceTree = "<group>";
		};
		4E75C5F52B3247D3001CACF4 /* MyMangaAppTests */ = {
			isa = PBXGroup;
			children = (
				4E75C5F62B3247D3001CACF4 /* MyMangaAppTests.swift */,
			);
			path = MyMangaAppTests;
			sourceTree = "<group>";
		};
		4E75C5FF2B3247D3001CACF4 /* MyMangaAppUITests */ = {
			isa = PBXGroup;
			children = (
				4E75C6002B3247D3001CACF4 /* MyMangaAppUITests.swift */,
				4E75C6022B3247D3001CACF4 /* MyMangaAppUITestsLaunchTests.swift */,
			);
			path = MyMangaAppUITests;
			sourceTree = "<group>";
		};
		4E75C60F2B324AD8001CACF4 /* View */ = {
			isa = PBXGroup;
			children = (
				4E83D8BE2B3F6A59004D7CEB /* UserCollection */,
				4E5675112B3C95D000CE7BF3 /* Manga */,
				4E5675022B3B390000CE7BF3 /* Custom */,
				4E5674FF2B34B52500CE7BF3 /* User */,
				4E75C5E42B3247D2001CACF4 /* MyMangaAppApp.swift */,
				4ED6ED172B3CEAB0009E67EF /* MangaMainView.swift */,
			);
			path = View;
			sourceTree = "<group>";
		};
		4E75C6102B324AF4001CACF4 /* ViewModel */ = {
			isa = PBXGroup;
			children = (
				4E5674E32B326B8900CE7BF3 /* MangaListVM.swift */,
				4E5674F62B34A69600CE7BF3 /* AccountVM.swift */,
				4E5675162B3C9FBF00CE7BF3 /* MangaDetailVM.swift */,
				4E83D8C12B3F6B1C004D7CEB /* UserMangaCollectionVM.swift */,
			);
			path = ViewModel;
			sourceTree = "<group>";
		};
		4E75C6112B324B16001CACF4 /* Interactor */ = {
			isa = PBXGroup;
			children = (
				4E5674E12B3264F500CE7BF3 /* Network.swift */,
				4E5674F22B3495CA00CE7BF3 /* User.swift */,
				4E5674F42B34A0B700CE7BF3 /* UserError.swift */,
			);
			path = Interactor;
			sourceTree = "<group>";
		};
		4E75C6122B324B20001CACF4 /* Model */ = {
			isa = PBXGroup;
			children = (
				4E5674F82B34AB7B00CE7BF3 /* Request */,
				4E5674D42B325C1300CE7BF3 /* Presentation */,
				4E5674D32B325C1000CE7BF3 /* Dto */,
			);
			path = Model;
			sourceTree = "<group>";
		};
		4E83D8BE2B3F6A59004D7CEB /* UserCollection */ = {
			isa = PBXGroup;
			children = (
				4E83D8BF2B3F6A6B004D7CEB /* UserCollectionView.swift */,
			);
			path = UserCollection;
			sourceTree = "<group>";
		};
/* End PBXGroup section */

/* Begin PBXNativeTarget section */
		4E75C5E02B3247D2001CACF4 /* MyMangaApp */ = {
			isa = PBXNativeTarget;
			buildConfigurationList = 4E75C6062B3247D3001CACF4 /* Build configuration list for PBXNativeTarget "MyMangaApp" */;
			buildPhases = (
				4E75C5DD2B3247D2001CACF4 /* Sources */,
				4E75C5DE2B3247D2001CACF4 /* Frameworks */,
				4E75C5DF2B3247D2001CACF4 /* Resources */,
			);
			buildRules = (
			);
			dependencies = (
			);
			name = MyMangaApp;
			productName = MyMangaApp;
			productReference = 4E75C5E12B3247D2001CACF4 /* MyMangaApp.app */;
			productType = "com.apple.product-type.application";
		};
		4E75C5F12B3247D3001CACF4 /* MyMangaAppTests */ = {
			isa = PBXNativeTarget;
			buildConfigurationList = 4E75C6092B3247D3001CACF4 /* Build configuration list for PBXNativeTarget "MyMangaAppTests" */;
			buildPhases = (
				4E75C5EE2B3247D3001CACF4 /* Sources */,
				4E75C5EF2B3247D3001CACF4 /* Frameworks */,
				4E75C5F02B3247D3001CACF4 /* Resources */,
			);
			buildRules = (
			);
			dependencies = (
				4E75C5F42B3247D3001CACF4 /* PBXTargetDependency */,
			);
			name = MyMangaAppTests;
			productName = MyMangaAppTests;
			productReference = 4E75C5F22B3247D3001CACF4 /* MyMangaAppTests.xctest */;
			productType = "com.apple.product-type.bundle.unit-test";
		};
		4E75C5FB2B3247D3001CACF4 /* MyMangaAppUITests */ = {
			isa = PBXNativeTarget;
			buildConfigurationList = 4E75C60C2B3247D3001CACF4 /* Build configuration list for PBXNativeTarget "MyMangaAppUITests" */;
			buildPhases = (
				4E75C5F82B3247D3001CACF4 /* Sources */,
				4E75C5F92B3247D3001CACF4 /* Frameworks */,
				4E75C5FA2B3247D3001CACF4 /* Resources */,
			);
			buildRules = (
			);
			dependencies = (
				4E75C5FE2B3247D3001CACF4 /* PBXTargetDependency */,
			);
			name = MyMangaAppUITests;
			productName = MyMangaAppUITests;
			productReference = 4E75C5FC2B3247D3001CACF4 /* MyMangaAppUITests.xctest */;
			productType = "com.apple.product-type.bundle.ui-testing";
		};
/* End PBXNativeTarget section */

/* Begin PBXProject section */
		4E75C5D92B3247D2001CACF4 /* Project object */ = {
			isa = PBXProject;
			attributes = {
				BuildIndependentTargetsInParallel = 1;
				LastSwiftUpdateCheck = 1500;
				LastUpgradeCheck = 1500;
				TargetAttributes = {
					4E75C5E02B3247D2001CACF4 = {
						CreatedOnToolsVersion = 15.0.1;
					};
					4E75C5F12B3247D3001CACF4 = {
						CreatedOnToolsVersion = 15.0.1;
						TestTargetID = 4E75C5E02B3247D2001CACF4;
					};
					4E75C5FB2B3247D3001CACF4 = {
						CreatedOnToolsVersion = 15.0.1;
						TestTargetID = 4E75C5E02B3247D2001CACF4;
					};
				};
			};
			buildConfigurationList = 4E75C5DC2B3247D2001CACF4 /* Build configuration list for PBXProject "MyMangaApp" */;
			compatibilityVersion = "Xcode 14.0";
			developmentRegion = en;
			hasScannedForEncodings = 0;
			knownRegions = (
				en,
				Base,
			);
			mainGroup = 4E75C5D82B3247D2001CACF4;
			productRefGroup = 4E75C5E22B3247D2001CACF4 /* Products */;
			projectDirPath = "";
			projectRoot = "";
			targets = (
				4E75C5E02B3247D2001CACF4 /* MyMangaApp */,
				4E75C5F12B3247D3001CACF4 /* MyMangaAppTests */,
				4E75C5FB2B3247D3001CACF4 /* MyMangaAppUITests */,
			);
		};
/* End PBXProject section */

/* Begin PBXResourcesBuildPhase section */
		4E75C5DF2B3247D2001CACF4 /* Resources */ = {
			isa = PBXResourcesBuildPhase;
			buildActionMask = 2147483647;
			files = (
				4E5674F12B33B3AF00CE7BF3 /* listMangas.json in Resources */,
				4E75C5ED2B3247D3001CACF4 /* Preview Assets.xcassets in Resources */,
				4E83D8C42B3F6C17004D7CEB /* userCollectionTest.json in Resources */,
				4E75C5E92B3247D3001CACF4 /* Assets.xcassets in Resources */,
			);
			runOnlyForDeploymentPostprocessing = 0;
		};
		4E75C5F02B3247D3001CACF4 /* Resources */ = {
			isa = PBXResourcesBuildPhase;
			buildActionMask = 2147483647;
			files = (
			);
			runOnlyForDeploymentPostprocessing = 0;
		};
		4E75C5FA2B3247D3001CACF4 /* Resources */ = {
			isa = PBXResourcesBuildPhase;
			buildActionMask = 2147483647;
			files = (
			);
			runOnlyForDeploymentPostprocessing = 0;
		};
/* End PBXResourcesBuildPhase section */

/* Begin PBXSourcesBuildPhase section */
		4E75C5DD2B3247D2001CACF4 /* Sources */ = {
			isa = PBXSourcesBuildPhase;
			buildActionMask = 2147483647;
			files = (
				4E5675152B3C9AB300CE7BF3 /* PreviewData.swift in Sources */,
				4E5674EF2B33AD1B00CE7BF3 /* DataTest.swift in Sources */,
				4E5674E22B3264F500CE7BF3 /* Network.swift in Sources */,
				4E5674D22B3259F700CE7BF3 /* MetaDataDto.swift in Sources */,
				4E5675172B3C9FBF00CE7BF3 /* MangaDetailVM.swift in Sources */,
				4E5674DE2B3264B200CE7BF3 /* NetworkError.swift in Sources */,
				4E83D8C22B3F6B1C004D7CEB /* UserMangaCollectionVM.swift in Sources */,
				4E5674DC2B32649300CE7BF3 /* URLRequest.swift in Sources */,
				4E5674D72B325CA700CE7BF3 /* MangaList.swift in Sources */,
				4E5674FE2B34B38300CE7BF3 /* AccountView.swift in Sources */,
				4E83D8C02B3F6A6B004D7CEB /* UserCollectionView.swift in Sources */,
				4E5674F32B3495CA00CE7BF3 /* User.swift in Sources */,
				4E56750C2B3B439200CE7BF3 /* LoginView.swift in Sources */,
				4E5675042B3B391100CE7BF3 /* MangaTextField.swift in Sources */,
				4E5675132B3C962900CE7BF3 /* MangaDetailView.swift in Sources */,
				4E75C6142B324C16001CACF4 /* MangaListDto.swift in Sources */,
				4ED6ED182B3CEAB0009E67EF /* MangaMainView.swift in Sources */,
				4E5674F52B34A0B700CE7BF3 /* UserError.swift in Sources */,
				4E5675012B34B52F00CE7BF3 /* CreateUserView.swift in Sources */,
				4E5674E02B3264C400CE7BF3 /* URLSession.swift in Sources */,
				4E5674EB2B33A89D00CE7BF3 /* MangasLogic.swift in Sources */,
				4E75C5E72B3247D2001CACF4 /* MangaListMainView.swift in Sources */,
				4E83D8BD2B3F65E9004D7CEB /* UserCollectionListDto.swift in Sources */,
				4E75C5E52B3247D2001CACF4 /* MyMangaAppApp.swift in Sources */,
				4E5675102B3C8A6400CE7BF3 /* UserMangaCollectionRequest.swift in Sources */,
				4E5674E42B326B8900CE7BF3 /* MangaListVM.swift in Sources */,
				4E5674FA2B34AB9A00CE7BF3 /* CreateUser.swift in Sources */,
				4E5675082B3B395E00CE7BF3 /* DataValidators.swift in Sources */,
				4E5674F72B34A69600CE7BF3 /* AccountVM.swift in Sources */,
				4E6C2D322B3CDF6900987086 /* Profile.swift in Sources */,
				4E5674DA2B32635500CE7BF3 /* URL.swift in Sources */,
			);
			runOnlyForDeploymentPostprocessing = 0;
		};
		4E75C5EE2B3247D3001CACF4 /* Sources */ = {
			isa = PBXSourcesBuildPhase;
			buildActionMask = 2147483647;
			files = (
				4E75C5F72B3247D3001CACF4 /* MyMangaAppTests.swift in Sources */,
			);
			runOnlyForDeploymentPostprocessing = 0;
		};
		4E75C5F82B3247D3001CACF4 /* Sources */ = {
			isa = PBXSourcesBuildPhase;
			buildActionMask = 2147483647;
			files = (
				4E75C6012B3247D3001CACF4 /* MyMangaAppUITests.swift in Sources */,
				4E75C6032B3247D3001CACF4 /* MyMangaAppUITestsLaunchTests.swift in Sources */,
			);
			runOnlyForDeploymentPostprocessing = 0;
		};
/* End PBXSourcesBuildPhase section */

/* Begin PBXTargetDependency section */
		4E75C5F42B3247D3001CACF4 /* PBXTargetDependency */ = {
			isa = PBXTargetDependency;
			target = 4E75C5E02B3247D2001CACF4 /* MyMangaApp */;
			targetProxy = 4E75C5F32B3247D3001CACF4 /* PBXContainerItemProxy */;
		};
		4E75C5FE2B3247D3001CACF4 /* PBXTargetDependency */ = {
			isa = PBXTargetDependency;
			target = 4E75C5E02B3247D2001CACF4 /* MyMangaApp */;
			targetProxy = 4E75C5FD2B3247D3001CACF4 /* PBXContainerItemProxy */;
		};
/* End PBXTargetDependency section */

/* Begin XCBuildConfiguration section */
		4E75C6042B3247D3001CACF4 /* Debug */ = {
			isa = XCBuildConfiguration;
			buildSettings = {
				ALWAYS_SEARCH_USER_PATHS = NO;
				ASSETCATALOG_COMPILER_GENERATE_SWIFT_ASSET_SYMBOL_EXTENSIONS = YES;
				CLANG_ANALYZER_NONNULL = YES;
				CLANG_ANALYZER_NUMBER_OBJECT_CONVERSION = YES_AGGRESSIVE;
				CLANG_CXX_LANGUAGE_STANDARD = "gnu++20";
				CLANG_ENABLE_MODULES = YES;
				CLANG_ENABLE_OBJC_ARC = YES;
				CLANG_ENABLE_OBJC_WEAK = YES;
				CLANG_WARN_BLOCK_CAPTURE_AUTORELEASING = YES;
				CLANG_WARN_BOOL_CONVERSION = YES;
				CLANG_WARN_COMMA = YES;
				CLANG_WARN_CONSTANT_CONVERSION = YES;
				CLANG_WARN_DEPRECATED_OBJC_IMPLEMENTATIONS = YES;
				CLANG_WARN_DIRECT_OBJC_ISA_USAGE = YES_ERROR;
				CLANG_WARN_DOCUMENTATION_COMMENTS = YES;
				CLANG_WARN_EMPTY_BODY = YES;
				CLANG_WARN_ENUM_CONVERSION = YES;
				CLANG_WARN_INFINITE_RECURSION = YES;
				CLANG_WARN_INT_CONVERSION = YES;
				CLANG_WARN_NON_LITERAL_NULL_CONVERSION = YES;
				CLANG_WARN_OBJC_IMPLICIT_RETAIN_SELF = YES;
				CLANG_WARN_OBJC_LITERAL_CONVERSION = YES;
				CLANG_WARN_OBJC_ROOT_CLASS = YES_ERROR;
				CLANG_WARN_QUOTED_INCLUDE_IN_FRAMEWORK_HEADER = YES;
				CLANG_WARN_RANGE_LOOP_ANALYSIS = YES;
				CLANG_WARN_STRICT_PROTOTYPES = YES;
				CLANG_WARN_SUSPICIOUS_MOVE = YES;
				CLANG_WARN_UNGUARDED_AVAILABILITY = YES_AGGRESSIVE;
				CLANG_WARN_UNREACHABLE_CODE = YES;
				CLANG_WARN__DUPLICATE_METHOD_MATCH = YES;
				COPY_PHASE_STRIP = NO;
				DEBUG_INFORMATION_FORMAT = dwarf;
				ENABLE_STRICT_OBJC_MSGSEND = YES;
				ENABLE_TESTABILITY = YES;
				ENABLE_USER_SCRIPT_SANDBOXING = YES;
				GCC_C_LANGUAGE_STANDARD = gnu17;
				GCC_DYNAMIC_NO_PIC = NO;
				GCC_NO_COMMON_BLOCKS = YES;
				GCC_OPTIMIZATION_LEVEL = 0;
				GCC_PREPROCESSOR_DEFINITIONS = (
					"DEBUG=1",
					"$(inherited)",
				);
				GCC_WARN_64_TO_32_BIT_CONVERSION = YES;
				GCC_WARN_ABOUT_RETURN_TYPE = YES_ERROR;
				GCC_WARN_UNDECLARED_SELECTOR = YES;
				GCC_WARN_UNINITIALIZED_AUTOS = YES_AGGRESSIVE;
				GCC_WARN_UNUSED_FUNCTION = YES;
				GCC_WARN_UNUSED_VARIABLE = YES;
				LOCALIZATION_PREFERS_STRING_CATALOGS = YES;
				MTL_ENABLE_DEBUG_INFO = INCLUDE_SOURCE;
				MTL_FAST_MATH = YES;
				ONLY_ACTIVE_ARCH = YES;
				SWIFT_ACTIVE_COMPILATION_CONDITIONS = "DEBUG $(inherited)";
				SWIFT_OPTIMIZATION_LEVEL = "-Onone";
			};
			name = Debug;
		};
		4E75C6052B3247D3001CACF4 /* Release */ = {
			isa = XCBuildConfiguration;
			buildSettings = {
				ALWAYS_SEARCH_USER_PATHS = NO;
				ASSETCATALOG_COMPILER_GENERATE_SWIFT_ASSET_SYMBOL_EXTENSIONS = YES;
				CLANG_ANALYZER_NONNULL = YES;
				CLANG_ANALYZER_NUMBER_OBJECT_CONVERSION = YES_AGGRESSIVE;
				CLANG_CXX_LANGUAGE_STANDARD = "gnu++20";
				CLANG_ENABLE_MODULES = YES;
				CLANG_ENABLE_OBJC_ARC = YES;
				CLANG_ENABLE_OBJC_WEAK = YES;
				CLANG_WARN_BLOCK_CAPTURE_AUTORELEASING = YES;
				CLANG_WARN_BOOL_CONVERSION = YES;
				CLANG_WARN_COMMA = YES;
				CLANG_WARN_CONSTANT_CONVERSION = YES;
				CLANG_WARN_DEPRECATED_OBJC_IMPLEMENTATIONS = YES;
				CLANG_WARN_DIRECT_OBJC_ISA_USAGE = YES_ERROR;
				CLANG_WARN_DOCUMENTATION_COMMENTS = YES;
				CLANG_WARN_EMPTY_BODY = YES;
				CLANG_WARN_ENUM_CONVERSION = YES;
				CLANG_WARN_INFINITE_RECURSION = YES;
				CLANG_WARN_INT_CONVERSION = YES;
				CLANG_WARN_NON_LITERAL_NULL_CONVERSION = YES;
				CLANG_WARN_OBJC_IMPLICIT_RETAIN_SELF = YES;
				CLANG_WARN_OBJC_LITERAL_CONVERSION = YES;
				CLANG_WARN_OBJC_ROOT_CLASS = YES_ERROR;
				CLANG_WARN_QUOTED_INCLUDE_IN_FRAMEWORK_HEADER = YES;
				CLANG_WARN_RANGE_LOOP_ANALYSIS = YES;
				CLANG_WARN_STRICT_PROTOTYPES = YES;
				CLANG_WARN_SUSPICIOUS_MOVE = YES;
				CLANG_WARN_UNGUARDED_AVAILABILITY = YES_AGGRESSIVE;
				CLANG_WARN_UNREACHABLE_CODE = YES;
				CLANG_WARN__DUPLICATE_METHOD_MATCH = YES;
				COPY_PHASE_STRIP = NO;
				DEBUG_INFORMATION_FORMAT = "dwarf-with-dsym";
				ENABLE_NS_ASSERTIONS = NO;
				ENABLE_STRICT_OBJC_MSGSEND = YES;
				ENABLE_USER_SCRIPT_SANDBOXING = YES;
				GCC_C_LANGUAGE_STANDARD = gnu17;
				GCC_NO_COMMON_BLOCKS = YES;
				GCC_WARN_64_TO_32_BIT_CONVERSION = YES;
				GCC_WARN_ABOUT_RETURN_TYPE = YES_ERROR;
				GCC_WARN_UNDECLARED_SELECTOR = YES;
				GCC_WARN_UNINITIALIZED_AUTOS = YES_AGGRESSIVE;
				GCC_WARN_UNUSED_FUNCTION = YES;
				GCC_WARN_UNUSED_VARIABLE = YES;
				LOCALIZATION_PREFERS_STRING_CATALOGS = YES;
				MTL_ENABLE_DEBUG_INFO = NO;
				MTL_FAST_MATH = YES;
				SWIFT_COMPILATION_MODE = wholemodule;
			};
			name = Release;
		};
		4E75C6072B3247D3001CACF4 /* Debug */ = {
			isa = XCBuildConfiguration;
			buildSettings = {
				ASSETCATALOG_COMPILER_APPICON_NAME = AppIcon;
				ASSETCATALOG_COMPILER_GLOBAL_ACCENT_COLOR_NAME = AccentColor;
				CODE_SIGN_ENTITLEMENTS = MyMangaApp/MyMangaApp.entitlements;
				CODE_SIGN_STYLE = Automatic;
				CURRENT_PROJECT_VERSION = 1;
				DEVELOPMENT_ASSET_PATHS = "\"MyMangaApp/Preview Content\"";
				DEVELOPMENT_TEAM = U76E4PGKS7;
				ENABLE_HARDENED_RUNTIME = YES;
				ENABLE_PREVIEWS = YES;
				GENERATE_INFOPLIST_FILE = YES;
				"INFOPLIST_KEY_UIApplicationSceneManifest_Generation[sdk=iphoneos*]" = YES;
				"INFOPLIST_KEY_UIApplicationSceneManifest_Generation[sdk=iphonesimulator*]" = YES;
				"INFOPLIST_KEY_UIApplicationSupportsIndirectInputEvents[sdk=iphoneos*]" = YES;
				"INFOPLIST_KEY_UIApplicationSupportsIndirectInputEvents[sdk=iphonesimulator*]" = YES;
				"INFOPLIST_KEY_UILaunchScreen_Generation[sdk=iphoneos*]" = YES;
				"INFOPLIST_KEY_UILaunchScreen_Generation[sdk=iphonesimulator*]" = YES;
				"INFOPLIST_KEY_UIStatusBarStyle[sdk=iphoneos*]" = UIStatusBarStyleDefault;
				"INFOPLIST_KEY_UIStatusBarStyle[sdk=iphonesimulator*]" = UIStatusBarStyleDefault;
				INFOPLIST_KEY_UISupportedInterfaceOrientations_iPad = "UIInterfaceOrientationPortrait UIInterfaceOrientationPortraitUpsideDown UIInterfaceOrientationLandscapeLeft UIInterfaceOrientationLandscapeRight";
				INFOPLIST_KEY_UISupportedInterfaceOrientations_iPhone = "UIInterfaceOrientationPortrait UIInterfaceOrientationLandscapeLeft UIInterfaceOrientationLandscapeRight";
				IPHONEOS_DEPLOYMENT_TARGET = 17.0;
				LD_RUNPATH_SEARCH_PATHS = "@executable_path/Frameworks";
				"LD_RUNPATH_SEARCH_PATHS[sdk=macosx*]" = "@executable_path/../Frameworks";
				MACOSX_DEPLOYMENT_TARGET = 14.0;
				MARKETING_VERSION = 1.0;
				PRODUCT_BUNDLE_IDENTIFIER = com.selvamatik.MyMangaApp;
				PRODUCT_NAME = "$(TARGET_NAME)";
				SDKROOT = auto;
				SUPPORTED_PLATFORMS = "iphoneos iphonesimulator macosx";
				SWIFT_EMIT_LOC_STRINGS = YES;
				SWIFT_VERSION = 5.0;
				TARGETED_DEVICE_FAMILY = "1,2";
			};
			name = Debug;
		};
		4E75C6082B3247D3001CACF4 /* Release */ = {
			isa = XCBuildConfiguration;
			buildSettings = {
				ASSETCATALOG_COMPILER_APPICON_NAME = AppIcon;
				ASSETCATALOG_COMPILER_GLOBAL_ACCENT_COLOR_NAME = AccentColor;
				CODE_SIGN_ENTITLEMENTS = MyMangaApp/MyMangaApp.entitlements;
				CODE_SIGN_STYLE = Automatic;
				CURRENT_PROJECT_VERSION = 1;
				DEVELOPMENT_ASSET_PATHS = "\"MyMangaApp/Preview Content\"";
				DEVELOPMENT_TEAM = U76E4PGKS7;
				ENABLE_HARDENED_RUNTIME = YES;
				ENABLE_PREVIEWS = YES;
				GENERATE_INFOPLIST_FILE = YES;
				"INFOPLIST_KEY_UIApplicationSceneManifest_Generation[sdk=iphoneos*]" = YES;
				"INFOPLIST_KEY_UIApplicationSceneManifest_Generation[sdk=iphonesimulator*]" = YES;
				"INFOPLIST_KEY_UIApplicationSupportsIndirectInputEvents[sdk=iphoneos*]" = YES;
				"INFOPLIST_KEY_UIApplicationSupportsIndirectInputEvents[sdk=iphonesimulator*]" = YES;
				"INFOPLIST_KEY_UILaunchScreen_Generation[sdk=iphoneos*]" = YES;
				"INFOPLIST_KEY_UILaunchScreen_Generation[sdk=iphonesimulator*]" = YES;
				"INFOPLIST_KEY_UIStatusBarStyle[sdk=iphoneos*]" = UIStatusBarStyleDefault;
				"INFOPLIST_KEY_UIStatusBarStyle[sdk=iphonesimulator*]" = UIStatusBarStyleDefault;
				INFOPLIST_KEY_UISupportedInterfaceOrientations_iPad = "UIInterfaceOrientationPortrait UIInterfaceOrientationPortraitUpsideDown UIInterfaceOrientationLandscapeLeft UIInterfaceOrientationLandscapeRight";
				INFOPLIST_KEY_UISupportedInterfaceOrientations_iPhone = "UIInterfaceOrientationPortrait UIInterfaceOrientationLandscapeLeft UIInterfaceOrientationLandscapeRight";
				IPHONEOS_DEPLOYMENT_TARGET = 17.0;
				LD_RUNPATH_SEARCH_PATHS = "@executable_path/Frameworks";
				"LD_RUNPATH_SEARCH_PATHS[sdk=macosx*]" = "@executable_path/../Frameworks";
				MACOSX_DEPLOYMENT_TARGET = 14.0;
				MARKETING_VERSION = 1.0;
				PRODUCT_BUNDLE_IDENTIFIER = com.selvamatik.MyMangaApp;
				PRODUCT_NAME = "$(TARGET_NAME)";
				SDKROOT = auto;
				SUPPORTED_PLATFORMS = "iphoneos iphonesimulator macosx";
				SWIFT_EMIT_LOC_STRINGS = YES;
				SWIFT_VERSION = 5.0;
				TARGETED_DEVICE_FAMILY = "1,2";
			};
			name = Release;
		};
		4E75C60A2B3247D3001CACF4 /* Debug */ = {
			isa = XCBuildConfiguration;
			buildSettings = {
				ALWAYS_EMBED_SWIFT_STANDARD_LIBRARIES = YES;
				BUNDLE_LOADER = "$(TEST_HOST)";
				CODE_SIGN_STYLE = Automatic;
				CURRENT_PROJECT_VERSION = 1;
				DEVELOPMENT_TEAM = U76E4PGKS7;
				GENERATE_INFOPLIST_FILE = YES;
				IPHONEOS_DEPLOYMENT_TARGET = 17.0;
				MACOSX_DEPLOYMENT_TARGET = 14.0;
				MARKETING_VERSION = 1.0;
				PRODUCT_BUNDLE_IDENTIFIER = com.selvamatik.MyMangaAppTests;
				PRODUCT_NAME = "$(TARGET_NAME)";
				SDKROOT = auto;
				SUPPORTED_PLATFORMS = "iphoneos iphonesimulator macosx";
				SWIFT_EMIT_LOC_STRINGS = NO;
				SWIFT_VERSION = 5.0;
				TARGETED_DEVICE_FAMILY = "1,2";
				TEST_HOST = "$(BUILT_PRODUCTS_DIR)/MyMangaApp.app/$(BUNDLE_EXECUTABLE_FOLDER_PATH)/MyMangaApp";
			};
			name = Debug;
		};
		4E75C60B2B3247D3001CACF4 /* Release */ = {
			isa = XCBuildConfiguration;
			buildSettings = {
				ALWAYS_EMBED_SWIFT_STANDARD_LIBRARIES = YES;
				BUNDLE_LOADER = "$(TEST_HOST)";
				CODE_SIGN_STYLE = Automatic;
				CURRENT_PROJECT_VERSION = 1;
				DEVELOPMENT_TEAM = U76E4PGKS7;
				GENERATE_INFOPLIST_FILE = YES;
				IPHONEOS_DEPLOYMENT_TARGET = 17.0;
				MACOSX_DEPLOYMENT_TARGET = 14.0;
				MARKETING_VERSION = 1.0;
				PRODUCT_BUNDLE_IDENTIFIER = com.selvamatik.MyMangaAppTests;
				PRODUCT_NAME = "$(TARGET_NAME)";
				SDKROOT = auto;
				SUPPORTED_PLATFORMS = "iphoneos iphonesimulator macosx";
				SWIFT_EMIT_LOC_STRINGS = NO;
				SWIFT_VERSION = 5.0;
				TARGETED_DEVICE_FAMILY = "1,2";
				TEST_HOST = "$(BUILT_PRODUCTS_DIR)/MyMangaApp.app/$(BUNDLE_EXECUTABLE_FOLDER_PATH)/MyMangaApp";
			};
			name = Release;
		};
		4E75C60D2B3247D3001CACF4 /* Debug */ = {
			isa = XCBuildConfiguration;
			buildSettings = {
				ALWAYS_EMBED_SWIFT_STANDARD_LIBRARIES = YES;
				CODE_SIGN_STYLE = Automatic;
				CURRENT_PROJECT_VERSION = 1;
				DEVELOPMENT_TEAM = U76E4PGKS7;
				GENERATE_INFOPLIST_FILE = YES;
				IPHONEOS_DEPLOYMENT_TARGET = 17.0;
				MACOSX_DEPLOYMENT_TARGET = 14.0;
				MARKETING_VERSION = 1.0;
				PRODUCT_BUNDLE_IDENTIFIER = com.selvamatik.MyMangaAppUITests;
				PRODUCT_NAME = "$(TARGET_NAME)";
				SDKROOT = auto;
				SUPPORTED_PLATFORMS = "iphoneos iphonesimulator macosx";
				SWIFT_EMIT_LOC_STRINGS = NO;
				SWIFT_VERSION = 5.0;
				TARGETED_DEVICE_FAMILY = "1,2";
				TEST_TARGET_NAME = MyMangaApp;
			};
			name = Debug;
		};
		4E75C60E2B3247D3001CACF4 /* Release */ = {
			isa = XCBuildConfiguration;
			buildSettings = {
				ALWAYS_EMBED_SWIFT_STANDARD_LIBRARIES = YES;
				CODE_SIGN_STYLE = Automatic;
				CURRENT_PROJECT_VERSION = 1;
				DEVELOPMENT_TEAM = U76E4PGKS7;
				GENERATE_INFOPLIST_FILE = YES;
				IPHONEOS_DEPLOYMENT_TARGET = 17.0;
				MACOSX_DEPLOYMENT_TARGET = 14.0;
				MARKETING_VERSION = 1.0;
				PRODUCT_BUNDLE_IDENTIFIER = com.selvamatik.MyMangaAppUITests;
				PRODUCT_NAME = "$(TARGET_NAME)";
				SDKROOT = auto;
				SUPPORTED_PLATFORMS = "iphoneos iphonesimulator macosx";
				SWIFT_EMIT_LOC_STRINGS = NO;
				SWIFT_VERSION = 5.0;
				TARGETED_DEVICE_FAMILY = "1,2";
				TEST_TARGET_NAME = MyMangaApp;
			};
			name = Release;
		};
/* End XCBuildConfiguration section */

/* Begin XCConfigurationList section */
		4E75C5DC2B3247D2001CACF4 /* Build configuration list for PBXProject "MyMangaApp" */ = {
			isa = XCConfigurationList;
			buildConfigurations = (
				4E75C6042B3247D3001CACF4 /* Debug */,
				4E75C6052B3247D3001CACF4 /* Release */,
			);
			defaultConfigurationIsVisible = 0;
			defaultConfigurationName = Release;
		};
		4E75C6062B3247D3001CACF4 /* Build configuration list for PBXNativeTarget "MyMangaApp" */ = {
			isa = XCConfigurationList;
			buildConfigurations = (
				4E75C6072B3247D3001CACF4 /* Debug */,
				4E75C6082B3247D3001CACF4 /* Release */,
			);
			defaultConfigurationIsVisible = 0;
			defaultConfigurationName = Release;
		};
		4E75C6092B3247D3001CACF4 /* Build configuration list for PBXNativeTarget "MyMangaAppTests" */ = {
			isa = XCConfigurationList;
			buildConfigurations = (
				4E75C60A2B3247D3001CACF4 /* Debug */,
				4E75C60B2B3247D3001CACF4 /* Release */,
			);
			defaultConfigurationIsVisible = 0;
			defaultConfigurationName = Release;
		};
		4E75C60C2B3247D3001CACF4 /* Build configuration list for PBXNativeTarget "MyMangaAppUITests" */ = {
			isa = XCConfigurationList;
			buildConfigurations = (
				4E75C60D2B3247D3001CACF4 /* Debug */,
				4E75C60E2B3247D3001CACF4 /* Release */,
			);
			defaultConfigurationIsVisible = 0;
			defaultConfigurationName = Release;
		};
/* End XCConfigurationList section */
	};
	rootObject = 4E75C5D92B3247D2001CACF4 /* Project object */;
}
